// !$*UTF8*$!
{
	archiveVersion = 1;
	classes = {
	};
	objectVersion = 46;
	objects = {

/* Begin PBXBuildFile section */
		17B5C22395F9660DBB5A105B /* Foundation.framework in Frameworks */ = {isa = PBXBuildFile; fileRef = 17B5CE74969F00C033E40D5E /* Foundation.framework */; };
		17B5C3454A0B13707DC7490D /* AppDelegate.m in Sources */ = {isa = PBXBuildFile; fileRef = 17B5CB9D01231AF4A3983B6B /* AppDelegate.m */; };
		17B5C352EAA06029784E7923 /* main.m in Sources */ = {isa = PBXBuildFile; fileRef = 17B5C198F57BB23CD2CE583E /* main.m */; };
		17B5C4665E7B8821BD681975 /* TableViewController.m in Sources */ = {isa = PBXBuildFile; fileRef = 17B5C43292CB23612DBF8E06 /* TableViewController.m */; };
		17B5C4B4AFA366B56B01F586 /* QuartzCore.framework in Frameworks */ = {isa = PBXBuildFile; fileRef = 17B5CEDEA5078EB39BA27C42 /* QuartzCore.framework */; };
		17B5C5F5C4C99F6FBDC2420B /* InfoPlist.strings in Resources */ = {isa = PBXBuildFile; fileRef = 17B5C8C80B56220B86BB4EBD /* InfoPlist.strings */; };
		17B5C694C17501BB4978A847 /* UIKit.framework in Frameworks */ = {isa = PBXBuildFile; fileRef = 17B5C10A69964E65C2143BA9 /* UIKit.framework */; };
		17B5C7CA0CAE5792CE48943E /* Default-568h@2x.png in Resources */ = {isa = PBXBuildFile; fileRef = 17B5C9904AA66326810DDD60 /* Default-568h@2x.png */; };
		17B5C7E526ACDC911558E134 /* Default@2x.png in Resources */ = {isa = PBXBuildFile; fileRef = 17B5C0810CED902A416E8B6E /* Default@2x.png */; };
		17B5C82DF8CF29739048A699 /* PDFImageConverter.m in Sources */ = {isa = PBXBuildFile; fileRef = 17B5C3E9CEE44C188155BE07 /* PDFImageConverter.m */; };
		17B5C88BF48385AB8812D0C7 /* Default.png in Resources */ = {isa = PBXBuildFile; fileRef = 17B5C2ED78EC3137539B6AD2 /* Default.png */; };
		17B5C9228D60CA9C46776AFD /* license.txt in Resources */ = {isa = PBXBuildFile; fileRef = 17B5CFD72C238C149322701D /* license.txt */; };
		17B5CCD51FD8E1BE29EBE022 /* MainStoryboard.storyboard in Resources */ = {isa = PBXBuildFile; fileRef = 17B5C2D421036664D0023DAD /* MainStoryboard.storyboard */; };
		17B5CED65E3C5172E0E2016C /* CoreGraphics.framework in Frameworks */ = {isa = PBXBuildFile; fileRef = 17B5C1826954D09DE948F29F /* CoreGraphics.framework */; };
		73BD06FF161965B100313962 /* browser_logos-256.png in Resources */ = {isa = PBXBuildFile; fileRef = 73BD06FE161965B100313962 /* browser_logos-256.png */; };
/* End PBXBuildFile section */

/* Begin PBXFileReference section */
		17B5C0810CED902A416E8B6E /* Default@2x.png */ = {isa = PBXFileReference; lastKnownFileType = image.png; path = "Default@2x.png"; sourceTree = "<group>"; };
		17B5C0EDDEECAF19FC402438 /* ScrollViewToPDF-Info.plist */ = {isa = PBXFileReference; lastKnownFileType = text.plist.info; path = "ScrollViewToPDF-Info.plist"; sourceTree = "<group>"; };
		17B5C10A69964E65C2143BA9 /* UIKit.framework */ = {isa = PBXFileReference; lastKnownFileType = wrapper.framework; name = UIKit.framework; path = System/Library/Frameworks/UIKit.framework; sourceTree = SDKROOT; };
		17B5C1826954D09DE948F29F /* CoreGraphics.framework */ = {isa = PBXFileReference; lastKnownFileType = wrapper.framework; name = CoreGraphics.framework; path = System/Library/Frameworks/CoreGraphics.framework; sourceTree = SDKROOT; };
		17B5C198F57BB23CD2CE583E /* main.m */ = {isa = PBXFileReference; lastKnownFileType = sourcecode.c.objc; path = main.m; sourceTree = "<group>"; };
		17B5C2ED78EC3137539B6AD2 /* Default.png */ = {isa = PBXFileReference; lastKnownFileType = image.png; path = Default.png; sourceTree = "<group>"; };
		17B5C3E9CEE44C188155BE07 /* PDFImageConverter.m */ = {isa = PBXFileReference; fileEncoding = 4; lastKnownFileType = sourcecode.c.objc; path = PDFImageConverter.m; sourceTree = "<group>"; };
		17B5C43292CB23612DBF8E06 /* TableViewController.m */ = {isa = PBXFileReference; fileEncoding = 4; lastKnownFileType = sourcecode.c.objc; path = TableViewController.m; sourceTree = "<group>"; };
		17B5C557E522F1154DAA5F8F /* ScrollViewToPDF.app */ = {isa = PBXFileReference; explicitFileType = wrapper.application; includeInIndex = 0; path = ScrollViewToPDF.app; sourceTree = BUILT_PRODUCTS_DIR; };
		17B5C612C837D07ED5E13B73 /* en */ = {isa = PBXFileReference; lastKnownFileType = text.plist.strings; name = en; path = en.lproj/InfoPlist.strings; sourceTree = "<group>"; };
		17B5C7172EC30B6F87A85814 /* TableViewController.h */ = {isa = PBXFileReference; fileEncoding = 4; lastKnownFileType = sourcecode.c.h; path = TableViewController.h; sourceTree = "<group>"; };
		17B5C77991ACF408DC0B107E /* ScrollViewToPDF-Prefix.pch */ = {isa = PBXFileReference; lastKnownFileType = sourcecode.c.h; path = "ScrollViewToPDF-Prefix.pch"; sourceTree = "<group>"; };
		17B5C77BFBEFDF7BC5BCFC7B /* en */ = {isa = PBXFileReference; lastKnownFileType = file.storyboard; name = en; path = en.lproj/MainStoryboard.storyboard; sourceTree = "<group>"; };
		17B5C8DA741645D4413DBB21 /* PDFImageConverter.h */ = {isa = PBXFileReference; fileEncoding = 4; lastKnownFileType = sourcecode.c.h; path = PDFImageConverter.h; sourceTree = "<group>"; };
		17B5C9904AA66326810DDD60 /* Default-568h@2x.png */ = {isa = PBXFileReference; lastKnownFileType = image.png; path = "Default-568h@2x.png"; sourceTree = "<group>"; };
		17B5CB9D01231AF4A3983B6B /* AppDelegate.m */ = {isa = PBXFileReference; lastKnownFileType = sourcecode.c.objc; path = AppDelegate.m; sourceTree = "<group>"; };
		17B5CE4BD971D061CAF11E39 /* AppDelegate.h */ = {isa = PBXFileReference; lastKnownFileType = sourcecode.c.h; path = AppDelegate.h; sourceTree = "<group>"; };
		17B5CE74969F00C033E40D5E /* Foundation.framework */ = {isa = PBXFileReference; lastKnownFileType = wrapper.framework; name = Foundation.framework; path = System/Library/Frameworks/Foundation.framework; sourceTree = SDKROOT; };
		17B5CEDEA5078EB39BA27C42 /* QuartzCore.framework */ = {isa = PBXFileReference; lastKnownFileType = wrapper.framework; name = QuartzCore.framework; path = System/Library/Frameworks/QuartzCore.framework; sourceTree = SDKROOT; };
		17B5CFD72C238C149322701D /* license.txt */ = {isa = PBXFileReference; fileEncoding = 4; lastKnownFileType = text; path = license.txt; sourceTree = "<group>"; };
		73BD06FE161965B100313962 /* browser_logos-256.png */ = {isa = PBXFileReference; lastKnownFileType = image.png; path = "browser_logos-256.png"; sourceTree = "<group>"; };
/* End PBXFileReference section */

/* Begin PBXFrameworksBuildPhase section */
		17B5C02B217F336DBAA418DD /* Frameworks */ = {
			isa = PBXFrameworksBuildPhase;
			buildActionMask = 2147483647;
			files = (
				17B5C694C17501BB4978A847 /* UIKit.framework in Frameworks */,
				17B5C22395F9660DBB5A105B /* Foundation.framework in Frameworks */,
				17B5CED65E3C5172E0E2016C /* CoreGraphics.framework in Frameworks */,
				17B5C4B4AFA366B56B01F586 /* QuartzCore.framework in Frameworks */,
			);
			runOnlyForDeploymentPostprocessing = 0;
		};
/* End PBXFrameworksBuildPhase section */

/* Begin PBXGroup section */
		17B5C35B81F833B229C9E511 /* Products */ = {
			isa = PBXGroup;
			children = (
				17B5C557E522F1154DAA5F8F /* ScrollViewToPDF.app */,
			);
			name = Products;
			sourceTree = "<group>";
		};
		17B5C3F0F81923EEA8A3294F /* PDFImageConverter */ = {
			isa = PBXGroup;
			children = (
				17B5CFD72C238C149322701D /* license.txt */,
				17B5C8DA741645D4413DBB21 /* PDFImageConverter.h */,
				17B5C3E9CEE44C188155BE07 /* PDFImageConverter.m */,
			);
			path = PDFImageConverter;
			sourceTree = "<group>";
		};
		17B5C44DB344439B6E8F701C /* ScrollViewToPDF */ = {
			isa = PBXGroup;
			children = (
				17B5C43292CB23612DBF8E06 /* TableViewController.m */,
				17B5C7172EC30B6F87A85814 /* TableViewController.h */,
				73BD06FE161965B100313962 /* browser_logos-256.png */,
				17B5C2D421036664D0023DAD /* MainStoryboard.storyboard */,
				17B5CB9D01231AF4A3983B6B /* AppDelegate.m */,
				17B5CE4BD971D061CAF11E39 /* AppDelegate.h */,
				17B5C6FA5690AEF963B89D8B /* Supporting Files */,
				17B5C3F0F81923EEA8A3294F /* PDFImageConverter */,
			);
			path = ScrollViewToPDF;
			sourceTree = "<group>";
		};
		17B5C4A7F429F4FCD1FBCDF1 = {
			isa = PBXGroup;
			children = (
				17B5C35B81F833B229C9E511 /* Products */,
				17B5C7AE2648123CB1FE7899 /* Frameworks */,
				17B5C44DB344439B6E8F701C /* ScrollViewToPDF */,
			);
			sourceTree = "<group>";
		};
		17B5C6FA5690AEF963B89D8B /* Supporting Files */ = {
			isa = PBXGroup;
			children = (
				17B5C9904AA66326810DDD60 /* Default-568h@2x.png */,
				17B5C0810CED902A416E8B6E /* Default@2x.png */,
				17B5C2ED78EC3137539B6AD2 /* Default.png */,
				17B5C77991ACF408DC0B107E /* ScrollViewToPDF-Prefix.pch */,
				17B5C198F57BB23CD2CE583E /* main.m */,
				17B5C8C80B56220B86BB4EBD /* InfoPlist.strings */,
				17B5C0EDDEECAF19FC402438 /* ScrollViewToPDF-Info.plist */,
			);
			name = "Supporting Files";
			sourceTree = "<group>";
		};
		17B5C7AE2648123CB1FE7899 /* Frameworks */ = {
			isa = PBXGroup;
			children = (
				17B5CEDEA5078EB39BA27C42 /* QuartzCore.framework */,
				17B5C1826954D09DE948F29F /* CoreGraphics.framework */,
				17B5CE74969F00C033E40D5E /* Foundation.framework */,
				17B5C10A69964E65C2143BA9 /* UIKit.framework */,
			);
			name = Frameworks;
			sourceTree = "<group>";
		};
/* End PBXGroup section */

/* Begin PBXNativeTarget section */
		17B5C9BE90204517EF9FE176 /* ScrollViewToPDF */ = {
			isa = PBXNativeTarget;
			buildConfigurationList = 17B5C86FAC8C2E7830733869 /* Build configuration list for PBXNativeTarget "ScrollViewToPDF" */;
			buildPhases = (
				17B5C58D0545EDA5B6E01CC9 /* Sources */,
				17B5C02B217F336DBAA418DD /* Frameworks */,
				17B5C1381FAEF104AE640A67 /* Resources */,
			);
			buildRules = (
			);
			dependencies = (
			);
			name = ScrollViewToPDF;
			productName = ScrollViewToPDF;
			productReference = 17B5C557E522F1154DAA5F8F /* ScrollViewToPDF.app */;
			productType = "com.apple.product-type.application";
		};
/* End PBXNativeTarget section */

/* Begin PBXProject section */
		17B5C25A7934430E564F9E2C /* Project object */ = {
			isa = PBXProject;
			buildConfigurationList = 17B5C5341D8CD0536B1D56FB /* Build configuration list for PBXProject "ScrollViewToPDF" */;
			compatibilityVersion = "Xcode 3.2";
			developmentRegion = English;
			hasScannedForEncodings = 0;
			knownRegions = (
				en,
			);
			mainGroup = 17B5C4A7F429F4FCD1FBCDF1;
			productRefGroup = 17B5C35B81F833B229C9E511 /* Products */;
			projectDirPath = "";
			projectRoot = "";
			targets = (
				17B5C9BE90204517EF9FE176 /* ScrollViewToPDF */,
			);
		};
/* End PBXProject section */

/* Begin PBXResourcesBuildPhase section */
		17B5C1381FAEF104AE640A67 /* Resources */ = {
			isa = PBXResourcesBuildPhase;
			buildActionMask = 2147483647;
			files = (
				17B5C5F5C4C99F6FBDC2420B /* InfoPlist.strings in Resources */,
				17B5C88BF48385AB8812D0C7 /* Default.png in Resources */,
				17B5C7E526ACDC911558E134 /* Default@2x.png in Resources */,
				17B5C7CA0CAE5792CE48943E /* Default-568h@2x.png in Resources */,
				17B5CCD51FD8E1BE29EBE022 /* MainStoryboard.storyboard in Resources */,
				73BD06FF161965B100313962 /* browser_logos-256.png in Resources */,
				17B5C9228D60CA9C46776AFD /* license.txt in Resources */,
			);
			runOnlyForDeploymentPostprocessing = 0;
		};
/* End PBXResourcesBuildPhase section */

/* Begin PBXSourcesBuildPhase section */
		17B5C58D0545EDA5B6E01CC9 /* Sources */ = {
			isa = PBXSourcesBuildPhase;
			buildActionMask = 2147483647;
			files = (
				17B5C352EAA06029784E7923 /* main.m in Sources */,
				17B5C3454A0B13707DC7490D /* AppDelegate.m in Sources */,
				17B5C4665E7B8821BD681975 /* TableViewController.m in Sources */,
				17B5C82DF8CF29739048A699 /* PDFImageConverter.m in Sources */,
			);
			runOnlyForDeploymentPostprocessing = 0;
		};
/* End PBXSourcesBuildPhase section */

/* Begin PBXVariantGroup section */
		17B5C2D421036664D0023DAD /* MainStoryboard.storyboard */ = {
			isa = PBXVariantGroup;
			children = (
				17B5C77BFBEFDF7BC5BCFC7B /* en */,
			);
			name = MainStoryboard.storyboard;
			sourceTree = "<group>";
		};
		17B5C8C80B56220B86BB4EBD /* InfoPlist.strings */ = {
			isa = PBXVariantGroup;
			children = (
				17B5C612C837D07ED5E13B73 /* en */,
			);
			name = InfoPlist.strings;
			sourceTree = "<group>";
		};
/* End PBXVariantGroup section */

/* Begin XCBuildConfiguration section */
		17B5C18204E3EAEA0A749AA0 /* Release */ = {
			isa = XCBuildConfiguration;
			buildSettings = {
				GCC_PRECOMPILE_PREFIX_HEADER = YES;
				GCC_PREFIX_HEADER = "ScrollViewToPDF/ScrollViewToPDF-Prefix.pch";
				INFOPLIST_FILE = "ScrollViewToPDF/ScrollViewToPDF-Info.plist";
				PRODUCT_NAME = "$(TARGET_NAME)";
				WRAPPER_EXTENSION = app;
			};
			name = Release;
		};
		17B5C3C84126F0F8EB6AE15E /* Debug */ = {
			isa = XCBuildConfiguration;
			buildSettings = {
				GCC_PRECOMPILE_PREFIX_HEADER = YES;
				GCC_PREFIX_HEADER = "ScrollViewToPDF/ScrollViewToPDF-Prefix.pch";
				INFOPLIST_FILE = "ScrollViewToPDF/ScrollViewToPDF-Info.plist";
				PRODUCT_NAME = "$(TARGET_NAME)";
				WRAPPER_EXTENSION = app;
			};
			name = Debug;
		};
		17B5C5A00636BD7CDC0BCD9D /* Debug */ = {
			isa = XCBuildConfiguration;
			buildSettings = {
				ALWAYS_SEARCH_USER_PATHS = NO;
				CLANG_CXX_LANGUAGE_STANDARD = "gnu++0x";
				CLANG_CXX_LIBRARY = "libc++";
				CLANG_ENABLE_OBJC_ARC = YES;
				CLANG_WARN_EMPTY_BODY = YES;
				CLANG_WARN__DUPLICATE_METHOD_MATCH = YES;
				"CODE_SIGN_IDENTITY[sdk=iphoneos*]" = "iPhone Developer";
				COPY_PHASE_STRIP = NO;
				GCC_C_LANGUAGE_STANDARD = gnu99;
				GCC_DYNAMIC_NO_PIC = NO;
				GCC_OPTIMIZATION_LEVEL = 0;
				GCC_PREPROCESSOR_DEFINITIONS = (
					"DEBUG=1",
					"$(inherited)",
				);
				GCC_SYMBOLS_PRIVATE_EXTERN = NO;
				GCC_WARN_ABOUT_RETURN_TYPE = YES;
				GCC_WARN_UNINITIALIZED_AUTOS = YES;
				GCC_WARN_UNUSED_VARIABLE = YES;
				IPHONEOS_DEPLOYMENT_TARGET = 6.0;
				SDKROOT = iphoneos;
			};
			name = Debug;
		};
		17B5C90F77E765B6A712A69E /* Release */ = {
			isa = XCBuildConfiguration;
			buildSettings = {
				ALWAYS_SEARCH_USER_PATHS = NO;
				CLANG_CXX_LANGUAGE_STANDARD = "gnu++0x";
				CLANG_CXX_LIBRARY = "libc++";
				CLANG_ENABLE_OBJC_ARC = YES;
				CLANG_WARN_EMPTY_BODY = YES;
				CLANG_WARN__DUPLICATE_METHOD_MATCH = YES;
				"CODE_SIGN_IDENTITY[sdk=iphoneos*]" = "iPhone Developer";
				COPY_PHASE_STRIP = YES;
				GCC_C_LANGUAGE_STANDARD = gnu99;
				GCC_WARN_ABOUT_RETURN_TYPE = YES;
				GCC_WARN_UNINITIALIZED_AUTOS = YES;
				GCC_WARN_UNUSED_VARIABLE = YES;
				IPHONEOS_DEPLOYMENT_TARGET = 6.0;
				OTHER_CFLAGS = "-DNS_BLOCK_ASSERTIONS=1";
				SDKROOT = iphoneos;
				VALIDATE_PRODUCT = YES;
			};
			name = Release;
		};
/* End XCBuildConfiguration section */

/* Begin XCConfigurationList section */
		17B5C5341D8CD0536B1D56FB /* Build configuration list for PBXProject "ScrollViewToPDF" */ = {
			isa = XCConfigurationList;
			buildConfigurations = (
				17B5C90F77E765B6A712A69E /* Release */,
				17B5C5A00636BD7CDC0BCD9D /* Debug */,
			);
			defaultConfigurationIsVisible = 0;
			defaultConfigurationName = Release;
		};
		17B5C86FAC8C2E7830733869 /* Build configuration list for PBXNativeTarget "ScrollViewToPDF" */ = {
			isa = XCConfigurationList;
			buildConfigurations = (
				17B5C18204E3EAEA0A749AA0 /* Release */,
				17B5C3C84126F0F8EB6AE15E /* Debug */,
			);
			defaultConfigurationIsVisible = 0;
			defaultConfigurationName = Release;
		};
/* End XCConfigurationList section */
	};
	rootObject = 17B5C25A7934430E564F9E2C /* Project object */;
}
